
Microsoft Visual Studio Solution File, Format Version 12.00
# Visual Studio 15
VisualStudioVersion = 15.0.28307.1000
MinimumVisualStudioVersion = 10.0.40219.1
Project("{FAE04EC0-301F-11D3-BF4B-00C04F79EFBC}") = "ScrapeWeb.HotelYar", "ScrapeWeb.HotelYar\ScrapeWeb.HotelYar.csproj", "{6B8D127E-C5F6-4A8D-8D5F-8071E0607581}"
EndProject
Global
	GlobalSection(SolutionConfigurationPlatforms) = preSolution
		Debug|Any CPU = Debug|Any CPU
		Release|Any CPU = Release|Any CPU
	EndGlobalSection
	GlobalSection(ProjectConfigurationPlatforms) = postSolution
		{6B8D127E-C5F6-4A8D-8D5F-8071E0607581}.Debug|Any CPU.ActiveCfg = Debug|Any CPU
		{6B8D127E-C5F6-4A8D-8D5F-8071E0607581}.Debug|Any CPU.Build.0 = Debug|Any CPU
		{6B8D127E-C5F6-4A8D-8D5F-8071E0607581}.Release|Any CPU.ActiveCfg = Release|Any CPU
		{6B8D127E-C5F6-4A8D-8D5F-8071E0607581}.Release|Any CPU.Build.0 = Release|Any CPU
	EndGlobalSection
	GlobalSection(SolutionProperties) = preSolution
		HideSolutionNode = FALSE
	EndGlobalSection
	GlobalSection(ExtensibilityGlobals) = postSolution
		SolutionGuid = {6CE74D7D-709A-49DC-8172-850C28E10417}
	EndGlobalSection
EndGlobal
